PODS:
  - SFRoundProgressCounterView (0.0.6):
    - TTTAttributedLabel (~> 1.7.1)
  - TTTAttributedLabel (1.7.5)

DEPENDENCIES:
  - SFRoundProgressCounterView (from `../`)

EXTERNAL SOURCES:
  SFRoundProgressCounterView:
    :path: "../"

SPEC CHECKSUMS:
  SFRoundProgressCounterView: 47517b12c7ad2dd38b2b910a1d5db48c6efb23c5
  TTTAttributedLabel: 19f03d496810ab0706c392a297c6d49fe173bac4

PODFILE CHECKSUM: fb925fc28a5e14e93607442738915986bfc41ef2

COCOAPODS: 1.0.1
